github.com/gorilla/websocket v1.4.2 h1:+/TMaTYc4QFitKJxsQ7Yye35DkWvkdLcvGKqM+x0Ufc=
github.com/gorilla/websocket v1.4.2/go.mod h1:YR8l580nyteQvAITg2hZ9XVh4b55+EU/adAjf1fMHhE=
github.com/rgamba/evtwebsocket v0.0.0-20181029234908-48b8cd9f8616 h1:CLOrtba3mh42XMLPr+g89SxpQ7PcdsCQEICO655IsxI=
github.com/rgamba/evtwebsocket v0.0.0-20181029234908-48b8cd9f8616/go.mod h1:fpClUynpFcOmPLy6rXe0pEIoDamYH5s5I0SrbDbF4gk=
github.com/sacOO7/go-logger v0.0.0-20180719173527-9ac9add5a50d h1:5T+fbRuQbpi+WZtB2yfuu59r00F6T2HV/zGYrwX8nvE=
github.com/sacOO7/go-logger v0.0.0-20180719173527-9ac9add5a50d/go.mod h1:L5EJe2k8GwpBoGXDRLAEs58R239jpZuE7NNEtW+T7oo=
github.com/sacOO7/gowebsocket v0.0.0-20210105141656-425813c1c643 h1:G7zQWSD1qD+2hMVCnnGvwYaidUNx0cAfVxScu3J2BGA=
github.com/sacOO7/gowebsocket v0.0.0-20210105141656-425813c1c643/go.mod h1:4a2a9BlxB807BaME8FJzQRLrZwYKj0cWjon25PlIssM=
github.com/sacOO7/socketcluster-client-go v1.0.0 h1:kzLFBvSU2lWlZ/jNeo6yMJbXwyz+cacGsr7jLYUhCI0=
github.com/sacOO7/socketcluster-client-go v1.0.0/go.mod h1:h3nqc4gLr1thtwWn+i7GqCIJ2nMt0Cunr7qN5WhhgfY=
golang.org/x/net v0.0.0-20201224014010-6772e930b67b h1:iFwSg7t5GZmB/Q5TjiEAsdoLDrdJRC1RiF2WhuV29Qw=
golang.org/x/net v0.0.0-20201224014010-6772e930b67b/go.mod h1:m0MpNAwzfU5UDzcl9v0D8zg8gWTRqZa9RBIspLL5mdg=
golang.org/x/sys v0.0.0-20201119102817-f84b799fce68/go.mod h1:h1NjWce9XRLGQEsW7wpKNCjG9DtNlClVuFLEZdDNbEs=
golang.org/x/term v0.0.0-20201126162022-7de9c90e9dd1/go.mod h1:bj7SfCRtBDWHUb9snDiAeCFNEtKQo2Wmx5Cou7ajbmo=
golang.org/x/text v0.3.3/go.mod h1:5Zoc/QRtKVWzQhOtBMvqHzDpF6irO9z98xDceosuGiQ=
golang.org/x/tools v0.0.0-20180917221912-90fa682c2a6e/go.mod h1:n7NCudcB/nEzxVGmLbDWY5pfWTLqBcC2KZ6jyYvM4mQ=
